version = 1
revision = 1
requires-python = "==3.12.*"

[[package]]
name = "asgiref"
version = "3.11.1"
source = { registry = "https://pypi.org/simple" }
sdist = { url = "https://files.pythonhosted.org/packages/63/40/f03da1264ae8f7cfdbf9146542e5e7e8100a4c66ab48e791df9a03d3f6c0/asgiref-3.11.1.tar.gz", hash = "sha256:5f184dc43b7e763efe848065441eac62229c9f7b0475f41f80e207a114eda4ce", size = 38550 }
wheels = [
    { url = "https://files.pythonhosted.org/packages/5c/0a/a72d10ed65068e115044937873362e6e32fab1b7dce0046aeb224682c989/asgiref-3.11.1-py3-none-any.whl", hash = "sha256:e8667a091e69529631969fd45dc268fa79b99c92c5fcdda727757e52146ec133", size = 24345 },
]

[[package]]
name = "django"
version = "5.0.4"
source = { registry = "https://pypi.org/simple" }
dependencies = [
    { name = "asgiref" },
    { name = "sqlparse" },
    { name = "tzdata", marker = "sys_platform == 'win32'" },
]
sdist = { url = "https://files.pythonhosted.org/packages/5a/51/30097ef45b0f9bd32908bb3309e9d8c04e2635846e9c73f61b427f6a6c78/Django-5.0.4.tar.gz", hash = "sha256:4bd01a8c830bb77a8a3b0e7d8b25b887e536ad17a81ba2dce5476135c73312bd", size = 10638006 }
wheels = [
    { url = "https://files.pythonhosted.org/packages/d3/31/32ce7eb77accc1678054fe951228766b47f9ec7d68d96d1caaa2611cbafe/Django-5.0.4-py3-none-any.whl", hash = "sha256:916423499d75d62da7aa038d19aef23d23498d8df229775eb0a6309ee1013775", size = 8183007 },
]

[[package]]
name = "django-cors-headers"
version = "4.3.1"
source = { registry = "https://pypi.org/simple" }
dependencies = [
    { name = "asgiref" },
    { name = "django" },
]
sdist = { url = "https://files.pythonhosted.org/packages/8a/04/a280a98256602d3f4fffae37a9410711fb80f9d6cf199679f6e93bbdb8b3/django-cors-headers-4.3.1.tar.gz", hash = "sha256:0bf65ef45e606aff1994d35503e6b677c0b26cafff6506f8fd7187f3be840207", size = 21146 }
wheels = [
    { url = "https://files.pythonhosted.org/packages/fe/6a/3428ab5d1ec270e845f4ef064a7cefbf1339b4454788d77c00d36caa828c/django_cors_headers-4.3.1-py3-none-any.whl", hash = "sha256:0b1fd19297e37417fc9f835d39e45c8c642938ddba1acce0c1753d3edef04f36", size = 12785 },
]

[[package]]
name = "django-filter"
version = "24.2"
source = { registry = "https://pypi.org/simple" }
dependencies = [
    { name = "django" },
]
sdist = { url = "https://files.pythonhosted.org/packages/0a/74/b207c01184ac56a1f3b082ad235ab29b6d2f623c9cd84ae2846657f83389/django-filter-24.2.tar.gz", hash = "sha256:48e5fc1da3ccd6ca0d5f9bb550973518ce977a4edde9d2a8a154a7f4f0b9f96e", size = 142937 }
wheels = [
    { url = "https://files.pythonhosted.org/packages/7b/7d/ee51b0fd69425035a2efc101b2252cd08eab525c12db92fbea298823cc9f/django_filter-24.2-py3-none-any.whl", hash = "sha256:df2ee9857e18d38bed203c8745f62a803fa0f31688c9fe6f8e868120b1848e48", size = 94530 },
]

[[package]]
name = "djangorestframework"
version = "3.15.1"
source = { registry = "https://pypi.org/simple" }
dependencies = [
    { name = "django" },
]
sdist = { url = "https://files.pythonhosted.org/packages/ec/60/cc2dd985400293fe7bf3fa1b9a5d61f5b44200c33f7d31952f2c9fd79e8a/djangorestframework-3.15.1.tar.gz", hash = "sha256:f88fad74183dfc7144b2756d0d2ac716ea5b4c7c9840995ac3bfd8ec034333c1", size = 1066194 }
wheels = [
    { url = "https://files.pythonhosted.org/packages/c0/7e/8c45ea7f85dd5d52ceddbacc6f56ecaca21ecbfc0e8c34c95618a14d5082/djangorestframework-3.15.1-py3-none-any.whl", hash = "sha256:3ccc0475bce968608cf30d07fb17d8e52d1d7fc8bfe779c905463200750cbca6", size = 1067096 },
]

[[package]]
name = "djangorestframework-simplejwt"
version = "5.3.1"
source = { registry = "https://pypi.org/simple" }
dependencies = [
    { name = "django" },
    { name = "djangorestframework" },
    { name = "pyjwt" },
]
sdist = { url = "https://files.pythonhosted.org/packages/ac/f3/f2ce06fcd1c53e12b26cc5a3ec9e0acd47eb4be02e1d24de50edee5c5abf/djangorestframework_simplejwt-5.3.1.tar.gz", hash = "sha256:6c4bd37537440bc439564ebf7d6085e74c5411485197073f508ebdfa34bc9fae", size = 94266 }
wheels = [
    { url = "https://files.pythonhosted.org/packages/f2/ab/88f73cf08d2ad3fb9f71b956dceca5680a57f121e5ce9a604f365877d57e/djangorestframework_simplejwt-5.3.1-py3-none-any.whl", hash = "sha256:381bc966aa46913905629d472cd72ad45faa265509764e20ffd440164c88d220", size = 101339 },
]

[[package]]
name = "drf-nested-routers"
version = "0.93.5"
source = { registry = "https://pypi.org/simple" }
dependencies = [
    { name = "django" },
    { name = "djangorestframework" },
]
sdist = { url = "https://files.pythonhosted.org/packages/ef/d6/028deaac557c92be1dbd56acb59b976f0ba8020894836e2404d4f79a3db6/drf-nested-routers-0.93.5.tar.gz", hash = "sha256:1407565abc7bada37c162c7e11bf214ae71625a17fdec6d9a47a17f4a3627d32", size = 18917 }
wheels = [
    { url = "https://files.pythonhosted.org/packages/2e/44/cde889464bc5a2a19c642b5b6ab14ff8dd666efebe28fde2901cc94cffc5/drf_nested_routers-0.93.5-py2.py3-none-any.whl", hash = "sha256:9a6813554020134a02e62f8c2934b2047717f7da06f8b801752c521e43735c63", size = 35456 },
]

[[package]]
name = "faker"
version = "12.0.1"
source = { registry = "https://pypi.org/simple" }
dependencies = [
    { name = "python-dateutil" },
]
sdist = { url = "https://files.pythonhosted.org/packages/89/f2/ea1966e890603e172b7f3bebde614813a24986390799d4dd43960aeffd18/Faker-12.0.1.tar.gz", hash = "sha256:aa7103805ae793277abbb85da9f6f05e76a1a295a9384a8e17c2fba2b3a690cb", size = 1428846 }
wheels = [
    { url = "https://files.pythonhosted.org/packages/ae/10/9a650725c310f61160909637446c18b92db7585ddf3326bc0767b850075e/Faker-12.0.1-py3-none-any.whl", hash = "sha256:1dc2811f20e163892fefe7006f2ce00778f8099a40aee265bfa60a13400de63d", size = 1464239 },
]

[[package]]
name = "mixer"
version = "7.2.2"
source = { registry = "https://pypi.org/simple" }
dependencies = [
    { name = "faker" },
]
sdist = { url = "https://files.pythonhosted.org/packages/dd/7b/95e5ee5d6e5d9764b57bb0ec7aa823896740954c5a048568780943052770/mixer-7.2.2.tar.gz", hash = "sha256:9b3f1a261b56d8f2394f39955f83adbc7ff3ab4bb1065ebfec19a10d3e8501e0", size = 49639 }
wheels = [
    { url = "https://files.pythonhosted.org/packages/81/73/60ab9b2a61a98f84f71f567a835dc877a9608fcff617e047ff96687c3796/mixer-7.2.2-py3-none-any.whl", hash = "sha256:8089b8e2d00288c77e622936198f5dd03c8ac1603a1530a4f870dc213363b2ae", size = 38481 },
]

[[package]]
name = "pillow"
version = "10.3.0"
source = { registry = "https://pypi.org/simple" }
sdist = { url = "https://files.pythonhosted.org/packages/ef/43/c50c17c5f7d438e836c169e343695534c38c77f60e7c90389bd77981bc21/pillow-10.3.0.tar.gz", hash = "sha256:9d2455fbf44c914840c793e89aa82d0e1763a14253a000743719ae5946814b2d", size = 46572854 }
wheels = [
    { url = "https://files.pythonhosted.org/packages/cc/5d/b7fcd38cba0f7706f64c1674fc9f018e4c64f791770598c44affadea7c2f/pillow-10.3.0-cp312-cp312-macosx_10_10_x86_64.whl", hash = "sha256:e46f38133e5a060d46bd630faa4d9fa0202377495df1f068a8299fd78c84de84", size = 3528535 },
    { url = "https://files.pythonhosted.org/packages/5e/77/4cf407e7b033b4d8e5fcaac295b6e159cf1c70fa105d769f01ea2e1e5eca/pillow-10.3.0-cp312-cp312-macosx_11_0_arm64.whl", hash = "sha256:50b8eae8f7334ec826d6eeffaeeb00e36b5e24aa0b9df322c247539714c6df19", size = 3352281 },
    { url = "https://files.pythonhosted.org/packages/53/7b/4f7b153a776725a87797d744ea1c73b83ac0b723f5e379297605dee118eb/pillow-10.3.0-cp312-cp312-manylinux_2_17_aarch64.manylinux2014_aarch64.whl", hash = "sha256:9d3bea1c75f8c53ee4d505c3e67d8c158ad4df0d83170605b50b64025917f338", size = 4321427 },
    { url = "https://files.pythonhosted.org/packages/45/08/d2cc751b790e77464f8648aa707e2327d6da5d95cf236a532e99c2e7a499/pillow-10.3.0-cp312-cp312-manylinux_2_17_x86_64.manylinux2014_x86_64.whl", hash = "sha256:19aeb96d43902f0a783946a0a87dbdad5c84c936025b8419da0a0cd7724356b1", size = 4435915 },
    { url = "https://files.pythonhosted.org/packages/ef/97/f69d1932cf45bf5bd9fa1e2ae57bdf716524faa4fa9fb7dc62cdb1a19113/pillow-10.3.0-cp312-cp312-manylinux_2_28_aarch64.whl", hash = "sha256:74d28c17412d9caa1066f7a31df8403ec23d5268ba46cd0ad2c50fb82ae40462", size = 4347392 },
    { url = "https://files.pythonhosted.org/packages/c6/c1/3521ddb9c1f3ac106af3e4512a98c785b6ed8a39e0f778480b8a4d340165/pillow-10.3.0-cp312-cp312-manylinux_2_28_x86_64.whl", hash = "sha256:ff61bfd9253c3915e6d41c651d5f962da23eda633cf02262990094a18a55371a", size = 4514536 },
    { url = "https://files.pythonhosted.org/packages/c0/6f/347c241904a6514e59515284b01ba6f61765269a0d1a19fd2e6cbe331c8a/pillow-10.3.0-cp312-cp312-musllinux_1_1_aarch64.whl", hash = "sha256:d886f5d353333b4771d21267c7ecc75b710f1a73d72d03ca06df49b09015a9ef", size = 4555987 },
    { url = "https://files.pythonhosted.org/packages/c3/e2/3cc490c6b2e262713da82ce849c34bd8e6c31242afb53be8595d820b9877/pillow-10.3.0-cp312-cp312-musllinux_1_1_x86_64.whl", hash = "sha256:4b5ec25d8b17217d635f8935dbc1b9aa5907962fae29dff220f2659487891cd3", size = 4623526 },
    { url = "https://files.pythonhosted.org/packages/c1/b3/0209f70fa29b383e7618e47db95712a45788dea03bb960601753262a2883/pillow-10.3.0-cp312-cp312-win32.whl", hash = "sha256:51243f1ed5161b9945011a7360e997729776f6e5d7005ba0c6879267d4c5139d", size = 2217547 },
    { url = "https://files.pythonhosted.org/packages/d3/23/3927d888481ff7c44fdbca3bc2a2e97588c933db46723bf115201377c436/pillow-10.3.0-cp312-cp312-win_amd64.whl", hash = "sha256:412444afb8c4c7a6cc11a47dade32982439925537e483be7c0ae0cf96c4f6a0b", size = 2531641 },
    { url = "https://files.pythonhosted.org/packages/db/36/1ecaa0541d3a1b1362f937d386eeb1875847bfa06d5225f1b0e1588d1007/pillow-10.3.0-cp312-cp312-win_arm64.whl", hash = "sha256:798232c92e7665fe82ac085f9d8e8ca98826f8e27859d9a96b41d519ecd2e49a", size = 2229746 },
]

[[package]]
name = "pyjwt"
version = "2.11.0"
source = { registry = "https://pypi.org/simple" }
sdist = { url = "https://files.pythonhosted.org/packages/5c/5a/b46fa56bf322901eee5b0454a34343cdbdae202cd421775a8ee4e42fd519/pyjwt-2.11.0.tar.gz", hash = "sha256:35f95c1f0fbe5d5ba6e43f00271c275f7a1a4db1dab27bf708073b75318ea623", size = 98019 }
wheels = [
    { url = "https://files.pythonhosted.org/packages/6f/01/c26ce75ba460d5cd503da9e13b21a33804d38c2165dec7b716d06b13010c/pyjwt-2.11.0-py3-none-any.whl", hash = "sha256:94a6bde30eb5c8e04fee991062b534071fd1439ef58d2adc9ccb823e7bcd0469", size = 28224 },
]

[[package]]
name = "python-dateutil"
version = "2.9.0.post0"
source = { registry = "https://pypi.org/simple" }
dependencies = [
    { name = "six" },
]
sdist = { url = "https://files.pythonhosted.org/packages/66/c0/0c8b6ad9f17a802ee498c46e004a0eb49bc148f2fd230864601a86dcf6db/python-dateutil-2.9.0.post0.tar.gz", hash = "sha256:37dd54208da7e1cd875388217d5e00ebd4179249f90fb72437e91a35459a0ad3", size = 342432 }
wheels = [
    { url = "https://files.pythonhosted.org/packages/ec/57/56b9bcc3c9c6a792fcbaf139543cee77261f3651ca9da0c93f5c1221264b/python_dateutil-2.9.0.post0-py2.py3-none-any.whl", hash = "sha256:a8b2bc7bffae282281c8140a97d3aa9c14da0b136dfe83f850eea9a5f7470427", size = 229892 },
]

[[package]]
name = "realworld-django"
version = "0.1.0"
source = { virtual = "." }
dependencies = [
    { name = "django" },
    { name = "django-cors-headers" },
    { name = "django-filter" },
    { name = "djangorestframework" },
    { name = "djangorestframework-simplejwt" },
    { name = "drf-nested-routers" },
    { name = "mixer" },
    { name = "pillow" },
]

[package.dev-dependencies]
dev = [
    { name = "ruff" },
]

[package.metadata]
requires-dist = [
    { name = "django", specifier = "==5.0.4" },
    { name = "django-cors-headers", specifier = "==4.3.1" },
    { name = "django-filter", specifier = "==24.2" },
    { name = "djangorestframework", specifier = "==3.15.1" },
    { name = "djangorestframework-simplejwt", specifier = "==5.3.1" },
    { name = "drf-nested-routers", specifier = "==0.93.5" },
    { name = "mixer", specifier = "==7.2.2" },
    { name = "pillow", specifier = "==10.3.0" },
]

[package.metadata.requires-dev]
dev = [{ name = "ruff", specifier = "==0.3.7" }]

[[package]]
name = "ruff"
version = "0.3.7"
source = { registry = "https://pypi.org/simple" }
sdist = { url = "https://files.pythonhosted.org/packages/ba/6a/5cdb9e5ae04210ddc5b7b6cf31aeca50654de595e73e59961ce1a662656c/ruff-0.3.7.tar.gz", hash = "sha256:d5c1aebee5162c2226784800ae031f660c350e7a3402c4d1f8ea4e97e232e3ba", size = 2164419 }
wheels = [
    { url = "https://files.pythonhosted.org/packages/c5/59/8416cddfcc65b710d79374358a81632f2c4810326e8391d5a3c23f1cc422/ruff-0.3.7-py3-none-macosx_10_12_x86_64.macosx_11_0_arm64.macosx_10_12_universal2.whl", hash = "sha256:0e8377cccb2f07abd25e84fc5b2cbe48eeb0fea9f1719cad7caedb061d70e5ce", size = 16845547 },
    { url = "https://files.pythonhosted.org/packages/94/db/79298ddaddad3ddb7799fe995d508c49c5f83dbcc1a0f88d672105776906/ruff-0.3.7-py3-none-macosx_10_12_x86_64.whl", hash = "sha256:15a4d1cc1e64e556fa0d67bfd388fed416b7f3b26d5d1c3e7d192c897e39ba4b", size = 8634118 },
    { url = "https://files.pythonhosted.org/packages/00/5c/bea349c531f50b8462470b49e5eff11a860f63b2796d8643d4e4e0722b64/ruff-0.3.7-py3-none-manylinux_2_17_aarch64.manylinux2014_aarch64.whl", hash = "sha256:d28bdf3d7dc71dd46929fafeec98ba89b7c3550c3f0978e36389b5631b793663", size = 8282193 },
    { url = "https://files.pythonhosted.org/packages/c2/5d/62593a1ec896c07a497fb653fa269595772abc15ce8306d6edda94aa3b54/ruff-0.3.7-py3-none-manylinux_2_17_armv7l.manylinux2014_armv7l.whl", hash = "sha256:379b67d4f49774ba679593b232dcd90d9e10f04d96e3c8ce4a28037ae473f7bb", size = 7655584 },
    { url = "https://files.pythonhosted.org/packages/b7/b9/00ecf95ea51f82ab68430851d13266a892c60a23c5058604494d5e474bbf/ruff-0.3.7-py3-none-manylinux_2_17_i686.manylinux2014_i686.whl", hash = "sha256:c060aea8ad5ef21cdfbbe05475ab5104ce7827b639a78dd55383a6e9895b7c51", size = 8843361 },
    { url = "https://files.pythonhosted.org/packages/83/bb/94d0d8f9ae71f6a5384ed6bc2dfd3fd651148604b4aaec9bd44d0754ba1c/ruff-0.3.7-py3-none-manylinux_2_17_ppc64.manylinux2014_ppc64.whl", hash = "sha256:ebf8f615dde968272d70502c083ebf963b6781aacd3079081e03b32adfe4d58a", size = 9591014 },
    { url = "https://files.pythonhosted.org/packages/d0/3e/df5317d2f3915cac6a34a88cfd7a7bf7ba8d96cb92b9acd42414ac0738fc/ruff-0.3.7-py3-none-manylinux_2_17_ppc64le.manylinux2014_ppc64le.whl", hash = "sha256:d48098bd8f5c38897b03604f5428901b65e3c97d40b3952e38637b5404b739a2", size = 9277992 },
    { url = "https://files.pythonhosted.org/packages/4c/5a/202bae9d5af45ea2a49f21998dc7f6a8cc0cc7269540043f6cba5dd45cdc/ruff-0.3.7-py3-none-manylinux_2_17_s390x.manylinux2014_s390x.whl", hash = "sha256:da8a4fda219bf9024692b1bc68c9cff4b80507879ada8769dc7e985755d662ea", size = 10179960 },
    { url = "https://files.pythonhosted.org/packages/99/b2/4b0796f93d8bd7188e47c198407f2999579599cd5a11e1ed8a66ee18b4ac/ruff-0.3.7-py3-none-manylinux_2_17_x86_64.manylinux2014_x86_64.whl", hash = "sha256:6c44e0149f1d8b48c4d5c33d88c677a4aa22fd09b1683d6a7ff55b816b5d074f", size = 8853914 },
    { url = "https://files.pythonhosted.org/packages/02/ae/7533335b669fa879d5a36d7bb7c3cdc96b4e7d49e9da71218d3bd0a24852/ruff-0.3.7-py3-none-musllinux_1_2_aarch64.whl", hash = "sha256:3050ec0af72b709a62ecc2aca941b9cd479a7bf2b36cc4562f0033d688e44fa1", size = 8177020 },
    { url = "https://files.pythonhosted.org/packages/a8/55/92a6099ea0e49d500199bc169d83158719f9bf2e1b87f5a1b53210ba74d8/ruff-0.3.7-py3-none-musllinux_1_2_armv7l.whl", hash = "sha256:a29cc38e4c1ab00da18a3f6777f8b50099d73326981bb7d182e54a9a21bb4ff7", size = 7646460 },
    { url = "https://files.pythonhosted.org/packages/2f/3e/7370e849c14a8461aee6c4f0c87a784f3f2a96ac542c1056fae982cd0504/ruff-0.3.7-py3-none-musllinux_1_2_i686.whl", hash = "sha256:5b15cc59c19edca917f51b1956637db47e200b0fc5e6e1878233d3a938384b0b", size = 8446755 },
    { url = "https://files.pythonhosted.org/packages/3a/5e/acae79c630de116212cd4c3346a80f34fe2b421270fa76640cf1756a62e9/ruff-0.3.7-py3-none-musllinux_1_2_x86_64.whl", hash = "sha256:e491045781b1e38b72c91247cf4634f040f8d0cb3e6d3d64d38dcf43616650b4", size = 8899196 },
    { url = "https://files.pythonhosted.org/packages/d3/27/05d3398f0f00742201518c3362d0046ef3a03a50a6c1f1632e9cf36f9a9e/ruff-0.3.7-py3-none-win32.whl", hash = "sha256:bc931de87593d64fad3a22e201e55ad76271f1d5bfc44e1a1887edd0903c7d9f", size = 7766434 },
    { url = "https://files.pythonhosted.org/packages/d6/f4/cdc6a5350ce8c9741f3a79ceca912045204adf20e0b4222632664b3cbd1e/ruff-0.3.7-py3-none-win_amd64.whl", hash = "sha256:5ef0e501e1e39f35e03c2acb1d1238c595b8bb36cf7a170e7c1df1b73da00e74", size = 8650055 },
    { url = "https://files.pythonhosted.org/packages/20/02/8ec400f495308b4a3833f34d344ccc853ebace7ea6dfd886813c2a6de3d8/ruff-0.3.7-py3-none-win_arm64.whl", hash = "sha256:789e144f6dc7019d1f92a812891c645274ed08af6037d11fc65fcbc183b7d59f", size = 8213066 },
]

[[package]]
name = "six"
version = "1.17.0"
source = { registry = "https://pypi.org/simple" }
sdist = { url = "https://files.pythonhosted.org/packages/94/e7/b2c673351809dca68a0e064b6af791aa332cf192da575fd474ed7d6f16a2/six-1.17.0.tar.gz", hash = "sha256:ff70335d468e7eb6ec65b95b99d3a2836546063f63acc5171de367e834932a81", size = 34031 }
wheels = [
    { url = "https://files.pythonhosted.org/packages/b7/ce/149a00dd41f10bc29e5921b496af8b574d8413afcd5e30dfa0ed46c2cc5e/six-1.17.0-py2.py3-none-any.whl", hash = "sha256:4721f391ed90541fddacab5acf947aa0d3dc7d27b2e1e8eda2be8970586c3274", size = 11050 },
]

[[package]]
name = "sqlparse"
version = "0.5.5"
source = { registry = "https://pypi.org/simple" }
sdist = { url = "https://files.pythonhosted.org/packages/90/76/437d71068094df0726366574cf3432a4ed754217b436eb7429415cf2d480/sqlparse-0.5.5.tar.gz", hash = "sha256:e20d4a9b0b8585fdf63b10d30066c7c94c5d7a7ec47c889a2d83a3caa93ff28e", size = 120815 }
wheels = [
    { url = "https://files.pythonhosted.org/packages/49/4b/359f28a903c13438ef59ebeee215fb25da53066db67b305c125f1c6d2a25/sqlparse-0.5.5-py3-none-any.whl", hash = "sha256:12a08b3bf3eec877c519589833aed092e2444e68240a3577e8e26148acc7b1ba", size = 46138 },
]

[[package]]
name = "tzdata"
version = "2025.3"
source = { registry = "https://pypi.org/simple" }
sdist = { url = "https://files.pythonhosted.org/packages/5e/a7/c202b344c5ca7daf398f3b8a477eeb205cf3b6f32e7ec3a6bac0629ca975/tzdata-2025.3.tar.gz", hash = "sha256:de39c2ca5dc7b0344f2eba86f49d614019d29f060fc4ebc8a417896a620b56a7", size = 196772 }
wheels = [
    { url = "https://files.pythonhosted.org/packages/c7/b0/003792df09decd6849a5e39c28b513c06e84436a54440380862b5aeff25d/tzdata-2025.3-py2.py3-none-any.whl", hash = "sha256:06a47e5700f3081aab02b2e513160914ff0694bce9947d6b76ebd6bf57cfc5d1", size = 348521 },
]
